
Microsoft Visual Studio Solution File, Format Version 12.00
# Visual Studio 15
VisualStudioVersion = 15.0.27703.2026
MinimumVisualStudioVersion = 10.0.40219.1
Project("{FAE04EC0-301F-11D3-BF4B-00C04F79EFBC}") = "BookDatabase.Services", "BookDatabase.Services\BookDatabase.Services.csproj", "{50D64286-7CAB-4C41-AE95-55965BA727CC}"
EndProject
Project("{FAE04EC0-301F-11D3-BF4B-00C04F79EFBC}") = "BookDatabase.Data", "BookDatabase.Data\BookDatabase.Data.csproj", "{6ACF6315-7B3B-4112-9523-042143501CA2}"
EndProject
Project("{FAE04EC0-301F-11D3-BF4B-00C04F79EFBC}") = "MovieDatabase.Models", "MovieDatabase.Models\MovieDatabase.Models.csproj", "{5E23B270-D9B1-46DD-AA75-3EA097FFC172}"
EndProject
Project("{FAE04EC0-301F-11D3-BF4B-00C04F79EFBC}") = "LibraryConsole", "LibraryConsole\LibraryConsole.csproj", "{1456646C-9061-4C48-A8B5-D3B7175ADD5F}"
	ProjectSection(ProjectDependencies) = postProject
		{50D64286-7CAB-4C41-AE95-55965BA727CC} = {50D64286-7CAB-4C41-AE95-55965BA727CC}
	EndProjectSection
EndProject
Global
	GlobalSection(SolutionConfigurationPlatforms) = preSolution
		Debug|Any CPU = Debug|Any CPU
		Release|Any CPU = Release|Any CPU
	EndGlobalSection
	GlobalSection(ProjectConfigurationPlatforms) = postSolution
		{50D64286-7CAB-4C41-AE95-55965BA727CC}.Debug|Any CPU.ActiveCfg = Debug|Any CPU
		{50D64286-7CAB-4C41-AE95-55965BA727CC}.Debug|Any CPU.Build.0 = Debug|Any CPU
		{50D64286-7CAB-4C41-AE95-55965BA727CC}.Release|Any CPU.ActiveCfg = Release|Any CPU
		{50D64286-7CAB-4C41-AE95-55965BA727CC}.Release|Any CPU.Build.0 = Release|Any CPU
		{6ACF6315-7B3B-4112-9523-042143501CA2}.Debug|Any CPU.ActiveCfg = Debug|Any CPU
		{6ACF6315-7B3B-4112-9523-042143501CA2}.Debug|Any CPU.Build.0 = Debug|Any CPU
		{6ACF6315-7B3B-4112-9523-042143501CA2}.Release|Any CPU.ActiveCfg = Release|Any CPU
		{6ACF6315-7B3B-4112-9523-042143501CA2}.Release|Any CPU.Build.0 = Release|Any CPU
		{5E23B270-D9B1-46DD-AA75-3EA097FFC172}.Debug|Any CPU.ActiveCfg = Debug|Any CPU
		{5E23B270-D9B1-46DD-AA75-3EA097FFC172}.Debug|Any CPU.Build.0 = Debug|Any CPU
		{5E23B270-D9B1-46DD-AA75-3EA097FFC172}.Release|Any CPU.ActiveCfg = Release|Any CPU
		{5E23B270-D9B1-46DD-AA75-3EA097FFC172}.Release|Any CPU.Build.0 = Release|Any CPU
		{1456646C-9061-4C48-A8B5-D3B7175ADD5F}.Debug|Any CPU.ActiveCfg = Debug|Any CPU
		{1456646C-9061-4C48-A8B5-D3B7175ADD5F}.Debug|Any CPU.Build.0 = Debug|Any CPU
		{1456646C-9061-4C48-A8B5-D3B7175ADD5F}.Release|Any CPU.ActiveCfg = Release|Any CPU
		{1456646C-9061-4C48-A8B5-D3B7175ADD5F}.Release|Any CPU.Build.0 = Release|Any CPU
	EndGlobalSection
	GlobalSection(SolutionProperties) = preSolution
		HideSolutionNode = FALSE
	EndGlobalSection
	GlobalSection(ExtensibilityGlobals) = postSolution
		SolutionGuid = {94B767BA-9062-4073-BFFD-09C510B8EE42}
	EndGlobalSection
EndGlobal
